
Microsoft Visual Studio Solution File, Format Version 12.00
# Visual Studio Version 17
VisualStudioVersion = 17.5.33530.505
MinimumVisualStudioVersion = 10.0.40219.1
Project("{9A19103F-16F7-4668-BE54-9A1E7A4F7556}") = "BLL", "BLL\BLL.csproj", "{89D5A284-D3C7-4042-BD74-A0E4DF58514B}"
EndProject
Project("{9A19103F-16F7-4668-BE54-9A1E7A4F7556}") = "DAL", "DAL\DAL.csproj", "{51EE0050-55D2-4AB8-9354-D478E00733FC}"
EndProject
Project("{9A19103F-16F7-4668-BE54-9A1E7A4F7556}") = "MODEL", "MODEL\MODEL.csproj", "{3184BE52-1380-44E6-A22B-A6CEC2B78A6C}"
EndProject
Project("{FAE04EC0-301F-11D3-BF4B-00C04F79EFBC}") = "BLLservice", "BLLservice2\BLLservice.csproj", "{6853780A-B5FB-4B8E-BF7F-039B8221C35B}"
EndProject
Global
	GlobalSection(SolutionConfigurationPlatforms) = preSolution
		Debug|Any CPU = Debug|Any CPU
		Release|Any CPU = Release|Any CPU
	EndGlobalSection
	GlobalSection(ProjectConfigurationPlatforms) = postSolution
		{89D5A284-D3C7-4042-BD74-A0E4DF58514B}.Debug|Any CPU.ActiveCfg = Debug|Any CPU
		{89D5A284-D3C7-4042-BD74-A0E4DF58514B}.Debug|Any CPU.Build.0 = Debug|Any CPU
		{89D5A284-D3C7-4042-BD74-A0E4DF58514B}.Release|Any CPU.ActiveCfg = Release|Any CPU
		{89D5A284-D3C7-4042-BD74-A0E4DF58514B}.Release|Any CPU.Build.0 = Release|Any CPU
		{51EE0050-55D2-4AB8-9354-D478E00733FC}.Debug|Any CPU.ActiveCfg = Debug|Any CPU
		{51EE0050-55D2-4AB8-9354-D478E00733FC}.Debug|Any CPU.Build.0 = Debug|Any CPU
		{51EE0050-55D2-4AB8-9354-D478E00733FC}.Release|Any CPU.ActiveCfg = Release|Any CPU
		{51EE0050-55D2-4AB8-9354-D478E00733FC}.Release|Any CPU.Build.0 = Release|Any CPU
		{3184BE52-1380-44E6-A22B-A6CEC2B78A6C}.Debug|Any CPU.ActiveCfg = Debug|Any CPU
		{3184BE52-1380-44E6-A22B-A6CEC2B78A6C}.Debug|Any CPU.Build.0 = Debug|Any CPU
		{3184BE52-1380-44E6-A22B-A6CEC2B78A6C}.Release|Any CPU.ActiveCfg = Release|Any CPU
		{3184BE52-1380-44E6-A22B-A6CEC2B78A6C}.Release|Any CPU.Build.0 = Release|Any CPU
		{6853780A-B5FB-4B8E-BF7F-039B8221C35B}.Debug|Any CPU.ActiveCfg = Debug|Any CPU
		{6853780A-B5FB-4B8E-BF7F-039B8221C35B}.Debug|Any CPU.Build.0 = Debug|Any CPU
		{6853780A-B5FB-4B8E-BF7F-039B8221C35B}.Release|Any CPU.ActiveCfg = Release|Any CPU
		{6853780A-B5FB-4B8E-BF7F-039B8221C35B}.Release|Any CPU.Build.0 = Release|Any CPU
	EndGlobalSection
	GlobalSection(SolutionProperties) = preSolution
		HideSolutionNode = FALSE
	EndGlobalSection
	GlobalSection(ExtensibilityGlobals) = postSolution
		SolutionGuid = {5B733308-C586-4CF2-8A92-B09F24EE9DE7}
	EndGlobalSection
EndGlobal
